
Microsoft Visual Studio Solution File, Format Version 12.00
# Visual Studio Version 16
VisualStudioVersion = 16.0.30011.22
MinimumVisualStudioVersion = 10.0.40219.1
Project("{FAE04EC0-301F-11D3-BF4B-00C04F79EFBC}") = "Clasa names", "Clasa names\Clasa names.csproj", "{68087A31-0E10-413C-A45D-80C761D80E1F}"
EndProject
Global
	GlobalSection(SolutionConfigurationPlatforms) = preSolution
		Debug|Any CPU = Debug|Any CPU
		Release|Any CPU = Release|Any CPU
	EndGlobalSection
	GlobalSection(ProjectConfigurationPlatforms) = postSolution
		{68087A31-0E10-413C-A45D-80C761D80E1F}.Debug|Any CPU.ActiveCfg = Debug|Any CPU
		{68087A31-0E10-413C-A45D-80C761D80E1F}.Debug|Any CPU.Build.0 = Debug|Any CPU
		{68087A31-0E10-413C-A45D-80C761D80E1F}.Release|Any CPU.ActiveCfg = Release|Any CPU
		{68087A31-0E10-413C-A45D-80C761D80E1F}.Release|Any CPU.Build.0 = Release|Any CPU
	EndGlobalSection
	GlobalSection(SolutionProperties) = preSolution
		HideSolutionNode = FALSE
	EndGlobalSection
	GlobalSection(ExtensibilityGlobals) = postSolution
		SolutionGuid = {4E36FB7B-E98D-488B-9373-5A88DD1691A2}
	EndGlobalSection
EndGlobal
